// !$*UTF8*$!
{
	archiveVersion = 1;
	classes = {
	};
	objectVersion = 46;
	objects = {

/* Begin PBXBuildFile section */
		65B23A8B1BFF332F002537C3 /* main.m in Sources */ = {isa = PBXBuildFile; fileRef = 65B23A8A1BFF332F002537C3 /* main.m */; };
		65B23A8E1BFF332F002537C3 /* AppDelegate.m in Sources */ = {isa = PBXBuildFile; fileRef = 65B23A8D1BFF332F002537C3 /* AppDelegate.m */; };
		65B23A911BFF332F002537C3 /* MasterViewController.m in Sources */ = {isa = PBXBuildFile; fileRef = 65B23A901BFF332F002537C3 /* MasterViewController.m */; };
		65B23A941BFF332F002537C3 /* DetailViewController.m in Sources */ = {isa = PBXBuildFile; fileRef = 65B23A931BFF332F002537C3 /* DetailViewController.m */; };
		65B23A971BFF332F002537C3 /* Main.storyboard in Resources */ = {isa = PBXBuildFile; fileRef = 65B23A951BFF332F002537C3 /* Main.storyboard */; };
		65B23A991BFF332F002537C3 /* Assets.xcassets in Resources */ = {isa = PBXBuildFile; fileRef = 65B23A981BFF332F002537C3 /* Assets.xcassets */; };
		65B23A9C1BFF332F002537C3 /* LaunchScreen.storyboard in Resources */ = {isa = PBXBuildFile; fileRef = 65B23A9A1BFF332F002537C3 /* LaunchScreen.storyboard */; };
/* End PBXBuildFile section */

/* Begin PBXFileReference section */
		65B23A861BFF332F002537C3 /* TestProject.app */ = {isa = PBXFileReference; explicitFileType = wrapper.application; includeInIndex = 0; path = TestProject.app; sourceTree = BUILT_PRODUCTS_DIR; };
		65B23A8A1BFF332F002537C3 /* main.m */ = {isa = PBXFileReference; lastKnownFileType = sourcecode.c.objc; path = main.m; sourceTree = "<group>"; };
		65B23A8C1BFF332F002537C3 /* AppDelegate.h */ = {isa = PBXFileReference; lastKnownFileType = sourcecode.c.h; path = AppDelegate.h; sourceTree = "<group>"; };
		65B23A8D1BFF332F002537C3 /* AppDelegate.m */ = {isa = PBXFileReference; lastKnownFileType = sourcecode.c.objc; path = AppDelegate.m; sourceTree = "<group>"; };
		65B23A8F1BFF332F002537C3 /* MasterViewController.h */ = {isa = PBXFileReference; lastKnownFileType = sourcecode.c.h; path = MasterViewController.h; sourceTree = "<group>"; };
		65B23A901BFF332F002537C3 /* MasterViewController.m */ = {isa = PBXFileReference; lastKnownFileType = sourcecode.c.objc; path = MasterViewController.m; sourceTree = "<group>"; };
		65B23A921BFF332F002537C3 /* DetailViewController.h */ = {isa = PBXFileReference; lastKnownFileType = sourcecode.c.h; path = DetailViewController.h; sourceTree = "<group>"; };
		65B23A931BFF332F002537C3 /* DetailViewController.m */ = {isa = PBXFileReference; lastKnownFileType = sourcecode.c.objc; path = DetailViewController.m; sourceTree = "<group>"; };
		65B23A961BFF332F002537C3 /* Base */ = {isa = PBXFileReference; lastKnownFileType = file.storyboard; name = Base; path = Base.lproj/Main.storyboard; sourceTree = "<group>"; };
		65B23A981BFF332F002537C3 /* Assets.xcassets */ = {isa = PBXFileReference; lastKnownFileType = folder.assetcatalog; path = Assets.xcassets; sourceTree = "<group>"; };
		65B23A9B1BFF332F002537C3 /* Base */ = {isa = PBXFileReference; lastKnownFileType = file.storyboard; name = Base; path = Base.lproj/LaunchScreen.storyboard; sourceTree = "<group>"; };
		65B23A9D1BFF332F002537C3 /* Info.plist */ = {isa = PBXFileReference; lastKnownFileType = text.plist.xml; path = Info.plist; sourceTree = "<group>"; };
/* End PBXFileReference section */

/* Begin PBXFrameworksBuildPhase section */
		65B23A831BFF332F002537C3 /* Frameworks */ = {
			isa = PBXFrameworksBuildPhase;
			buildActionMask = 2147483647;
			files = (
			);
			runOnlyForDeploymentPostprocessing = 0;
		};
/* End PBXFrameworksBuildPhase section */

/* Begin PBXGroup section */
		65B23A7D1BFF332F002537C3 = {
			isa = PBXGroup;
			children = (
				65B23A881BFF332F002537C3 /* TestProject */,
				65B23A871BFF332F002537C3 /* Products */,
			);
			sourceTree = "<group>";
		};
		65B23A871BFF332F002537C3 /* Products */ = {
			isa = PBXGroup;
			children = (
				65B23A861BFF332F002537C3 /* TestProject.app */,
			);
			name = Products;
			sourceTree = "<group>";
		};
		65B23A881BFF332F002537C3 /* TestProject */ = {
			isa = PBXGroup;
			children = (
				65B23A8C1BFF332F002537C3 /* AppDelegate.h */,
				65B23A8D1BFF332F002537C3 /* AppDelegate.m */,
				65B23A8F1BFF332F002537C3 /* MasterViewController.h */,
				65B23A901BFF332F002537C3 /* MasterViewController.m */,
				65B23A921BFF332F002537C3 /* DetailViewController.h */,
				65B23A931BFF332F002537C3 /* DetailViewController.m */,
				65B23A951BFF332F002537C3 /* Main.storyboard */,
				65B23A981BFF332F002537C3 /* Assets.xcassets */,
				65B23A9A1BFF332F002537C3 /* LaunchScreen.storyboard */,
				65B23A9D1BFF332F002537C3 /* Info.plist */,
				65B23A891BFF332F002537C3 /* Supporting Files */,
			);
			path = TestProject;
			sourceTree = "<group>";
		};
		65B23A891BFF332F002537C3 /* Supporting Files */ = {
			isa = PBXGroup;
			children = (
				65B23A8A1BFF332F002537C3 /* main.m */,
			);
			name = "Supporting Files";
			sourceTree = "<group>";
		};
/* End PBXGroup section */

/* Begin PBXNativeTarget section */
		65B23A851BFF332F002537C3 /* TestProject */ = {
			isa = PBXNativeTarget;
			buildConfigurationList = 65B23AA01BFF332F002537C3 /* Build configuration list for PBXNativeTarget "TestProject" */;
			buildPhases = (
				65B23A821BFF332F002537C3 /* Sources */,
				65B23A831BFF332F002537C3 /* Frameworks */,
				65B23A841BFF332F002537C3 /* Resources */,
			);
			buildRules = (
			);
			dependencies = (
			);
			name = TestProject;
			productName = TestProject;
			productReference = 65B23A861BFF332F002537C3 /* TestProject.app */;
			productType = "com.apple.product-type.application";
		};
/* End PBXNativeTarget section */

/* Begin PBXProject section */
		65B23A7E1BFF332F002537C3 /* Project object */ = {
			isa = PBXProject;
			attributes = {
				LastUpgradeCheck = 0710;
				ORGANIZATIONNAME = "Dorada App Software Ltd";
				TargetAttributes = {
					65B23A851BFF332F002537C3 = {
						CreatedOnToolsVersion = 7.1.1;
					};
				};
			};
			buildConfigurationList = 65B23A811BFF332F002537C3 /* Build configuration list for PBXProject "TestProject" */;
			compatibilityVersion = "Xcode 3.2";
			developmentRegion = English;
			hasScannedForEncodings = 0;
			knownRegions = (
				en,
				Base,
			);
			mainGroup = 65B23A7D1BFF332F002537C3;
			productRefGroup = 65B23A871BFF332F002537C3 /* Products */;
			projectDirPath = "";
			projectRoot = "";
			targets = (
				65B23A851BFF332F002537C3 /* TestProject */,
			);
		};
/* End PBXProject section */

/* Begin PBXResourcesBuildPhase section */
		65B23A841BFF332F002537C3 /* Resources */ = {
			isa = PBXResourcesBuildPhase;
			buildActionMask = 2147483647;
			files = (
				65B23A9C1BFF332F002537C3 /* LaunchScreen.storyboard in Resources */,
				65B23A991BFF332F002537C3 /* Assets.xcassets in Resources */,
				65B23A971BFF332F002537C3 /* Main.storyboard in Resources */,
			);
			runOnlyForDeploymentPostprocessing = 0;
		};
/* End PBXResourcesBuildPhase section */

/* Begin PBXSourcesBuildPhase section */
		65B23A821BFF332F002537C3 /* Sources */ = {
			isa = PBXSourcesBuildPhase;
			buildActionMask = 2147483647;
			files = (
				65B23A8E1BFF332F002537C3 /* AppDelegate.m in Sources */,
				65B23A911BFF332F002537C3 /* MasterViewController.m in Sources */,
				65B23A8B1BFF332F002537C3 /* main.m in Sources */,
				65B23A941BFF332F002537C3 /* DetailViewController.m in Sources */,
			);
			runOnlyForDeploymentPostprocessing = 0;
		};
/* End PBXSourcesBuildPhase section */

/* Begin PBXVariantGroup section */
		65B23A951BFF332F002537C3 /* Main.storyboard */ = {
			isa = PBXVariantGroup;
			children = (
				65B23A961BFF332F002537C3 /* Base */,
			);
			name = Main.storyboard;
			sourceTree = "<group>";
		};
		65B23A9A1BFF332F002537C3 /* LaunchScreen.storyboard */ = {
			isa = PBXVariantGroup;
			children = (
				65B23A9B1BFF332F002537C3 /* Base */,
			);
			name = LaunchScreen.storyboard;
			sourceTree = "<group>";
		};
/* End PBXVariantGroup section */

/* Begin XCBuildConfiguration section */
		65B23A9E1BFF332F002537C3 /* Debug */ = {
			isa = XCBuildConfiguration;
			buildSettings = {
				ALWAYS_SEARCH_USER_PATHS = NO;
				CLANG_CXX_LANGUAGE_STANDARD = "gnu++0x";
				CLANG_CXX_LIBRARY = "libc++";
				CLANG_ENABLE_MODULES = YES;
				CLANG_ENABLE_OBJC_ARC = YES;
				CLANG_WARN_BOOL_CONVERSION = YES;
				CLANG_WARN_CONSTANT_CONVERSION = YES;
				CLANG_WARN_DIRECT_OBJC_ISA_USAGE = YES_ERROR;
				CLANG_WARN_EMPTY_BODY = YES;
				CLANG_WARN_ENUM_CONVERSION = YES;
				CLANG_WARN_INT_CONVERSION = YES;
				CLANG_WARN_OBJC_ROOT_CLASS = YES_ERROR;
				CLANG_WARN_UNREACHABLE_CODE = YES;
				CLANG_WARN__DUPLICATE_METHOD_MATCH = YES;
				"CODE_SIGN_IDENTITY[sdk=iphoneos*]" = "iPhone Developer";
				COPY_PHASE_STRIP = NO;
				DEBUG_INFORMATION_FORMAT = dwarf;
				ENABLE_STRICT_OBJC_MSGSEND = YES;
				ENABLE_TESTABILITY = YES;
				GCC_C_LANGUAGE_STANDARD = gnu99;
				GCC_DYNAMIC_NO_PIC = NO;
				GCC_NO_COMMON_BLOCKS = YES;
				GCC_OPTIMIZATION_LEVEL = 0;
				GCC_PREPROCESSOR_DEFINITIONS = (
					"DEBUG=1",
					"$(inherited)",
				);
				GCC_WARN_64_TO_32_BIT_CONVERSION = YES;
				GCC_WARN_ABOUT_RETURN_TYPE = YES_ERROR;
				GCC_WARN_UNDECLARED_SELECTOR = YES;
				GCC_WARN_UNINITIALIZED_AUTOS = YES_AGGRESSIVE;
				GCC_WARN_UNUSED_FUNCTION = YES;
				GCC_WARN_UNUSED_VARIABLE = YES;
				IPHONEOS_DEPLOYMENT_TARGET = 9.1;
				MTL_ENABLE_DEBUG_INFO = YES;
				ONLY_ACTIVE_ARCH = YES;
				SDKROOT = iphoneos;
				TARGETED_DEVICE_FAMILY = "1,2";
			};
			name = Debug;
		};
		65B23A9F1BFF332F002537C3 /* Release */ = {
			isa = XCBuildConfiguration;
			buildSettings = {
				ALWAYS_SEARCH_USER_PATHS = NO;
				CLANG_CXX_LANGUAGE_STANDARD = "gnu++0x";
				CLANG_CXX_LIBRARY = "libc++";
				CLANG_ENABLE_MODULES = YES;
				CLANG_ENABLE_OBJC_ARC = YES;
				CLANG_WARN_BOOL_CONVERSION = YES;
				CLANG_WARN_CONSTANT_CONVERSION = YES;
				CLANG_WARN_DIRECT_OBJC_ISA_USAGE = YES_ERROR;
				CLANG_WARN_EMPTY_BODY = YES;
				CLANG_WARN_ENUM_CONVERSION = YES;
				CLANG_WARN_INT_CONVERSION = YES;
				CLANG_WARN_OBJC_ROOT_CLASS = YES_ERROR;
				CLANG_WARN_UNREACHABLE_CODE = YES;
				CLANG_WARN__DUPLICATE_METHOD_MATCH = YES;
				"CODE_SIGN_IDENTITY[sdk=iphoneos*]" = "iPhone Developer";
				COPY_PHASE_STRIP = NO;
				DEBUG_INFORMATION_FORMAT = "dwarf-with-dsym";
				ENABLE_NS_ASSERTIONS = NO;
				ENABLE_STRICT_OBJC_MSGSEND = YES;
				GCC_C_LANGUAGE_STANDARD = gnu99;
				GCC_NO_COMMON_BLOCKS = YES;
				GCC_WARN_64_TO_32_BIT_CONVERSION = YES;
				GCC_WARN_ABOUT_RETURN_TYPE = YES_ERROR;
				GCC_WARN_UNDECLARED_SELECTOR = YES;
				GCC_WARN_UNINITIALIZED_AUTOS = YES_AGGRESSIVE;
				GCC_WARN_UNUSED_FUNCTION = YES;
				GCC_WARN_UNUSED_VARIABLE = YES;
				IPHONEOS_DEPLOYMENT_TARGET = 9.1;
				MTL_ENABLE_DEBUG_INFO = NO;
				SDKROOT = iphoneos;
				TARGETED_DEVICE_FAMILY = "1,2";
				VALIDATE_PRODUCT = YES;
			};
			name = Release;
		};
		65B23AA11BFF332F002537C3 /* Debug */ = {
			isa = XCBuildConfiguration;
			buildSettings = {
				ASSETCATALOG_COMPILER_APPICON_NAME = AppIcon;
				INFOPLIST_FILE = TestProject/Info.plist;
				LD_RUNPATH_SEARCH_PATHS = "$(inherited) @executable_path/Frameworks";
				PRODUCT_BUNDLE_IDENTIFIER = com.axsy.TestProject;
				PRODUCT_NAME = "$(TARGET_NAME)";
			};
			name = Debug;
		};
		65B23AA21BFF332F002537C3 /* Release */ = {
			isa = XCBuildConfiguration;
			buildSettings = {
				ASSETCATALOG_COMPILER_APPICON_NAME = AppIcon;
				INFOPLIST_FILE = TestProject/Info.plist;
				LD_RUNPATH_SEARCH_PATHS = "$(inherited) @executable_path/Frameworks";
				PRODUCT_BUNDLE_IDENTIFIER = com.axsy.TestProject;
				PRODUCT_NAME = "$(TARGET_NAME)";
			};
			name = Release;
		};
/* End XCBuildConfiguration section */

/* Begin XCConfigurationList section */
		65B23A811BFF332F002537C3 /* Build configuration list for PBXProject "TestProject" */ = {
			isa = XCConfigurationList;
			buildConfigurations = (
				65B23A9E1BFF332F002537C3 /* Debug */,
				65B23A9F1BFF332F002537C3 /* Release */,
			);
			defaultConfigurationIsVisible = 0;
			defaultConfigurationName = Release;
		};
		65B23AA01BFF332F002537C3 /* Build configuration list for PBXNativeTarget "TestProject" */ = {
			isa = XCConfigurationList;
			buildConfigurations = (
				65B23AA11BFF332F002537C3 /* Debug */,
				65B23AA21BFF332F002537C3 /* Release */,
			);
			defaultConfigurationIsVisible = 0;
		};
/* End XCConfigurationList section */
	};
	rootObject = 65B23A7E1BFF332F002537C3 /* Project object */;
}
